
Microsoft Visual Studio Solution File, Format Version 12.00
Project("{FAE04EC0-301F-11D3-BF4B-00C04F79EFBC}") = "AbstractFactory", "Creational\AbstractFactory\AbstractFactory.csproj", "{8421BF50-807F-4D68-AF44-AFB6E5C25C7D}"
EndProject
Project("{2150E333-8FDC-42A3-9474-1A3956D46DE8}") = "Creational", "Creational", "{DC326978-DD09-4E0A-AC33-F2F346630001}"
EndProject
Project("{FAE04EC0-301F-11D3-BF4B-00C04F79EFBC}") = "FactoryMethod", "Creational\FactoryMethod\FactoryMethod.csproj", "{BE1E9D58-1DAC-4277-9CB5-9A93E2DB3ACA}"
EndProject
Project("{FAE04EC0-301F-11D3-BF4B-00C04F79EFBC}") = "Builder", "Creational\Builder\Builder.csproj", "{6A102E20-2DB4-4DBA-A8CE-9CAB7D181C38}"
EndProject
Project("{FAE04EC0-301F-11D3-BF4B-00C04F79EFBC}") = "Prototype", "Creational\Prototype\Prototype.csproj", "{3968DABE-EC4D-402A-8D05-D4FC7250C03E}"
EndProject
Project("{FAE04EC0-301F-11D3-BF4B-00C04F79EFBC}") = "Singleton", "Creational\Singleton\Singleton.csproj", "{EE7D0950-C154-4FC0-BFC1-6E5890FD174E}"
EndProject
Project("{2150E333-8FDC-42A3-9474-1A3956D46DE8}") = "Structural", "Structural", "{0F4C3CCD-DCDD-429F-BED8-0DCFF3FC2B60}"
EndProject
Project("{FAE04EC0-301F-11D3-BF4B-00C04F79EFBC}") = "Adapter", "Structural\Adapter\Adapter.csproj", "{E2B0DCD1-1C3E-4DE8-B809-240EF1BFDF01}"
EndProject
Project("{FAE04EC0-301F-11D3-BF4B-00C04F79EFBC}") = "Bridge", "Structural\Bridge\Bridge.csproj", "{61DA1FB3-5AB4-496B-9B25-CAB35A8B3AD5}"
EndProject
Project("{FAE04EC0-301F-11D3-BF4B-00C04F79EFBC}") = "Composite", "Structural\Composite\Composite.csproj", "{5E69AF60-8399-4A96-AD21-73881D7F7470}"
EndProject
Project("{FAE04EC0-301F-11D3-BF4B-00C04F79EFBC}") = "Decorator", "Structural\Decorator\Decorator.csproj", "{52E7DF8A-E396-420A-BD24-2110EEFC3F5E}"
EndProject
Project("{FAE04EC0-301F-11D3-BF4B-00C04F79EFBC}") = "Facade", "Structural\Facade\Facade.csproj", "{476E626E-DB8F-4699-9F2F-D5CEF1E17563}"
EndProject
Project("{FAE04EC0-301F-11D3-BF4B-00C04F79EFBC}") = "Flyweight", "Structural\Flyweight\Flyweight.csproj", "{1601A63C-3B74-4A96-BB7B-0432E581F241}"
EndProject
Project("{FAE04EC0-301F-11D3-BF4B-00C04F79EFBC}") = "Proxy", "Structural\Proxy\Proxy.csproj", "{2782676A-70D1-4875-A2E7-C8F6FEEF37B5}"
EndProject
Project("{2150E333-8FDC-42A3-9474-1A3956D46DE8}") = "Behavioural", "Behavioural", "{485DC6A5-1F36-4281-A796-79895EC2CF0A}"
EndProject
Project("{FAE04EC0-301F-11D3-BF4B-00C04F79EFBC}") = "ChainOfResponsibility", "Behavioural\ChainOfResponsibility\ChainOfResponsibility.csproj", "{B96B94FC-753D-40DB-B922-C6EAD6F2DCE5}"
EndProject
Project("{FAE04EC0-301F-11D3-BF4B-00C04F79EFBC}") = "Command", "Behavioural\Command\Command.csproj", "{2AF82CB0-CDFF-4088-B280-D472BDF6A583}"
EndProject
Project("{FAE04EC0-301F-11D3-BF4B-00C04F79EFBC}") = "Iterator", "Behavioural\Iterator\Iterator.csproj", "{69967FFE-72FD-4B86-B2DC-9C4F65BF1B83}"
EndProject
Project("{FAE04EC0-301F-11D3-BF4B-00C04F79EFBC}") = "Mediator", "Behavioural\Mediator\Mediator.csproj", "{557B9EC8-886F-4E1B-9CB1-D6A8CE44FBAF}"
EndProject
Project("{FAE04EC0-301F-11D3-BF4B-00C04F79EFBC}") = "Momento", "Behavioural\Momento\Momento.csproj", "{FC40E14C-5266-4DF4-BC33-CB1D164027B1}"
EndProject
Project("{FAE04EC0-301F-11D3-BF4B-00C04F79EFBC}") = "Observer", "Behavioural\Observer\Observer.csproj", "{1727FA0F-514F-497C-8346-7AA8332788FD}"
EndProject
Project("{FAE04EC0-301F-11D3-BF4B-00C04F79EFBC}") = "State", "Behavioural\State\State.csproj", "{14DF7BCF-955F-4343-8246-ACE351EC8CC1}"
EndProject
Global
	GlobalSection(SolutionConfigurationPlatforms) = preSolution
		Debug|Any CPU = Debug|Any CPU
		Release|Any CPU = Release|Any CPU
	EndGlobalSection
	GlobalSection(ProjectConfigurationPlatforms) = postSolution
		{8421BF50-807F-4D68-AF44-AFB6E5C25C7D}.Debug|Any CPU.ActiveCfg = Debug|Any CPU
		{8421BF50-807F-4D68-AF44-AFB6E5C25C7D}.Debug|Any CPU.Build.0 = Debug|Any CPU
		{8421BF50-807F-4D68-AF44-AFB6E5C25C7D}.Release|Any CPU.ActiveCfg = Release|Any CPU
		{8421BF50-807F-4D68-AF44-AFB6E5C25C7D}.Release|Any CPU.Build.0 = Release|Any CPU
		{BE1E9D58-1DAC-4277-9CB5-9A93E2DB3ACA}.Debug|Any CPU.ActiveCfg = Debug|Any CPU
		{BE1E9D58-1DAC-4277-9CB5-9A93E2DB3ACA}.Debug|Any CPU.Build.0 = Debug|Any CPU
		{BE1E9D58-1DAC-4277-9CB5-9A93E2DB3ACA}.Release|Any CPU.ActiveCfg = Release|Any CPU
		{BE1E9D58-1DAC-4277-9CB5-9A93E2DB3ACA}.Release|Any CPU.Build.0 = Release|Any CPU
		{6A102E20-2DB4-4DBA-A8CE-9CAB7D181C38}.Debug|Any CPU.ActiveCfg = Debug|Any CPU
		{6A102E20-2DB4-4DBA-A8CE-9CAB7D181C38}.Debug|Any CPU.Build.0 = Debug|Any CPU
		{6A102E20-2DB4-4DBA-A8CE-9CAB7D181C38}.Release|Any CPU.ActiveCfg = Release|Any CPU
		{6A102E20-2DB4-4DBA-A8CE-9CAB7D181C38}.Release|Any CPU.Build.0 = Release|Any CPU
		{3968DABE-EC4D-402A-8D05-D4FC7250C03E}.Debug|Any CPU.ActiveCfg = Debug|Any CPU
		{3968DABE-EC4D-402A-8D05-D4FC7250C03E}.Debug|Any CPU.Build.0 = Debug|Any CPU
		{3968DABE-EC4D-402A-8D05-D4FC7250C03E}.Release|Any CPU.ActiveCfg = Release|Any CPU
		{3968DABE-EC4D-402A-8D05-D4FC7250C03E}.Release|Any CPU.Build.0 = Release|Any CPU
		{EE7D0950-C154-4FC0-BFC1-6E5890FD174E}.Debug|Any CPU.ActiveCfg = Debug|Any CPU
		{EE7D0950-C154-4FC0-BFC1-6E5890FD174E}.Debug|Any CPU.Build.0 = Debug|Any CPU
		{EE7D0950-C154-4FC0-BFC1-6E5890FD174E}.Release|Any CPU.ActiveCfg = Release|Any CPU
		{EE7D0950-C154-4FC0-BFC1-6E5890FD174E}.Release|Any CPU.Build.0 = Release|Any CPU
		{E2B0DCD1-1C3E-4DE8-B809-240EF1BFDF01}.Debug|Any CPU.ActiveCfg = Debug|Any CPU
		{E2B0DCD1-1C3E-4DE8-B809-240EF1BFDF01}.Debug|Any CPU.Build.0 = Debug|Any CPU
		{E2B0DCD1-1C3E-4DE8-B809-240EF1BFDF01}.Release|Any CPU.ActiveCfg = Release|Any CPU
		{E2B0DCD1-1C3E-4DE8-B809-240EF1BFDF01}.Release|Any CPU.Build.0 = Release|Any CPU
		{61DA1FB3-5AB4-496B-9B25-CAB35A8B3AD5}.Debug|Any CPU.ActiveCfg = Debug|Any CPU
		{61DA1FB3-5AB4-496B-9B25-CAB35A8B3AD5}.Debug|Any CPU.Build.0 = Debug|Any CPU
		{61DA1FB3-5AB4-496B-9B25-CAB35A8B3AD5}.Release|Any CPU.ActiveCfg = Release|Any CPU
		{61DA1FB3-5AB4-496B-9B25-CAB35A8B3AD5}.Release|Any CPU.Build.0 = Release|Any CPU
		{5E69AF60-8399-4A96-AD21-73881D7F7470}.Debug|Any CPU.ActiveCfg = Debug|Any CPU
		{5E69AF60-8399-4A96-AD21-73881D7F7470}.Debug|Any CPU.Build.0 = Debug|Any CPU
		{5E69AF60-8399-4A96-AD21-73881D7F7470}.Release|Any CPU.ActiveCfg = Release|Any CPU
		{5E69AF60-8399-4A96-AD21-73881D7F7470}.Release|Any CPU.Build.0 = Release|Any CPU
		{52E7DF8A-E396-420A-BD24-2110EEFC3F5E}.Debug|Any CPU.ActiveCfg = Debug|Any CPU
		{52E7DF8A-E396-420A-BD24-2110EEFC3F5E}.Debug|Any CPU.Build.0 = Debug|Any CPU
		{52E7DF8A-E396-420A-BD24-2110EEFC3F5E}.Release|Any CPU.ActiveCfg = Release|Any CPU
		{52E7DF8A-E396-420A-BD24-2110EEFC3F5E}.Release|Any CPU.Build.0 = Release|Any CPU
		{476E626E-DB8F-4699-9F2F-D5CEF1E17563}.Debug|Any CPU.ActiveCfg = Debug|Any CPU
		{476E626E-DB8F-4699-9F2F-D5CEF1E17563}.Debug|Any CPU.Build.0 = Debug|Any CPU
		{476E626E-DB8F-4699-9F2F-D5CEF1E17563}.Release|Any CPU.ActiveCfg = Release|Any CPU
		{476E626E-DB8F-4699-9F2F-D5CEF1E17563}.Release|Any CPU.Build.0 = Release|Any CPU
		{1601A63C-3B74-4A96-BB7B-0432E581F241}.Debug|Any CPU.ActiveCfg = Debug|Any CPU
		{1601A63C-3B74-4A96-BB7B-0432E581F241}.Debug|Any CPU.Build.0 = Debug|Any CPU
		{1601A63C-3B74-4A96-BB7B-0432E581F241}.Release|Any CPU.ActiveCfg = Release|Any CPU
		{1601A63C-3B74-4A96-BB7B-0432E581F241}.Release|Any CPU.Build.0 = Release|Any CPU
		{2782676A-70D1-4875-A2E7-C8F6FEEF37B5}.Debug|Any CPU.ActiveCfg = Debug|Any CPU
		{2782676A-70D1-4875-A2E7-C8F6FEEF37B5}.Debug|Any CPU.Build.0 = Debug|Any CPU
		{2782676A-70D1-4875-A2E7-C8F6FEEF37B5}.Release|Any CPU.ActiveCfg = Release|Any CPU
		{2782676A-70D1-4875-A2E7-C8F6FEEF37B5}.Release|Any CPU.Build.0 = Release|Any CPU
		{B96B94FC-753D-40DB-B922-C6EAD6F2DCE5}.Debug|Any CPU.ActiveCfg = Debug|Any CPU
		{B96B94FC-753D-40DB-B922-C6EAD6F2DCE5}.Debug|Any CPU.Build.0 = Debug|Any CPU
		{B96B94FC-753D-40DB-B922-C6EAD6F2DCE5}.Release|Any CPU.ActiveCfg = Release|Any CPU
		{B96B94FC-753D-40DB-B922-C6EAD6F2DCE5}.Release|Any CPU.Build.0 = Release|Any CPU
		{2AF82CB0-CDFF-4088-B280-D472BDF6A583}.Debug|Any CPU.ActiveCfg = Debug|Any CPU
		{2AF82CB0-CDFF-4088-B280-D472BDF6A583}.Debug|Any CPU.Build.0 = Debug|Any CPU
		{2AF82CB0-CDFF-4088-B280-D472BDF6A583}.Release|Any CPU.ActiveCfg = Release|Any CPU
		{2AF82CB0-CDFF-4088-B280-D472BDF6A583}.Release|Any CPU.Build.0 = Release|Any CPU
		{69967FFE-72FD-4B86-B2DC-9C4F65BF1B83}.Debug|Any CPU.ActiveCfg = Debug|Any CPU
		{69967FFE-72FD-4B86-B2DC-9C4F65BF1B83}.Debug|Any CPU.Build.0 = Debug|Any CPU
		{69967FFE-72FD-4B86-B2DC-9C4F65BF1B83}.Release|Any CPU.ActiveCfg = Release|Any CPU
		{69967FFE-72FD-4B86-B2DC-9C4F65BF1B83}.Release|Any CPU.Build.0 = Release|Any CPU
		{557B9EC8-886F-4E1B-9CB1-D6A8CE44FBAF}.Debug|Any CPU.ActiveCfg = Debug|Any CPU
		{557B9EC8-886F-4E1B-9CB1-D6A8CE44FBAF}.Debug|Any CPU.Build.0 = Debug|Any CPU
		{557B9EC8-886F-4E1B-9CB1-D6A8CE44FBAF}.Release|Any CPU.ActiveCfg = Release|Any CPU
		{557B9EC8-886F-4E1B-9CB1-D6A8CE44FBAF}.Release|Any CPU.Build.0 = Release|Any CPU
		{FC40E14C-5266-4DF4-BC33-CB1D164027B1}.Debug|Any CPU.ActiveCfg = Debug|Any CPU
		{FC40E14C-5266-4DF4-BC33-CB1D164027B1}.Debug|Any CPU.Build.0 = Debug|Any CPU
		{FC40E14C-5266-4DF4-BC33-CB1D164027B1}.Release|Any CPU.ActiveCfg = Release|Any CPU
		{FC40E14C-5266-4DF4-BC33-CB1D164027B1}.Release|Any CPU.Build.0 = Release|Any CPU
		{1727FA0F-514F-497C-8346-7AA8332788FD}.Debug|Any CPU.ActiveCfg = Debug|Any CPU
		{1727FA0F-514F-497C-8346-7AA8332788FD}.Debug|Any CPU.Build.0 = Debug|Any CPU
		{1727FA0F-514F-497C-8346-7AA8332788FD}.Release|Any CPU.ActiveCfg = Release|Any CPU
		{1727FA0F-514F-497C-8346-7AA8332788FD}.Release|Any CPU.Build.0 = Release|Any CPU
		{14DF7BCF-955F-4343-8246-ACE351EC8CC1}.Debug|Any CPU.ActiveCfg = Debug|Any CPU
		{14DF7BCF-955F-4343-8246-ACE351EC8CC1}.Debug|Any CPU.Build.0 = Debug|Any CPU
		{14DF7BCF-955F-4343-8246-ACE351EC8CC1}.Release|Any CPU.ActiveCfg = Release|Any CPU
		{14DF7BCF-955F-4343-8246-ACE351EC8CC1}.Release|Any CPU.Build.0 = Release|Any CPU
	EndGlobalSection
	GlobalSection(NestedProjects) = preSolution
		{8421BF50-807F-4D68-AF44-AFB6E5C25C7D} = {DC326978-DD09-4E0A-AC33-F2F346630001}
		{BE1E9D58-1DAC-4277-9CB5-9A93E2DB3ACA} = {DC326978-DD09-4E0A-AC33-F2F346630001}
		{6A102E20-2DB4-4DBA-A8CE-9CAB7D181C38} = {DC326978-DD09-4E0A-AC33-F2F346630001}
		{3968DABE-EC4D-402A-8D05-D4FC7250C03E} = {DC326978-DD09-4E0A-AC33-F2F346630001}
		{EE7D0950-C154-4FC0-BFC1-6E5890FD174E} = {DC326978-DD09-4E0A-AC33-F2F346630001}
		{E2B0DCD1-1C3E-4DE8-B809-240EF1BFDF01} = {0F4C3CCD-DCDD-429F-BED8-0DCFF3FC2B60}
		{61DA1FB3-5AB4-496B-9B25-CAB35A8B3AD5} = {0F4C3CCD-DCDD-429F-BED8-0DCFF3FC2B60}
		{5E69AF60-8399-4A96-AD21-73881D7F7470} = {0F4C3CCD-DCDD-429F-BED8-0DCFF3FC2B60}
		{52E7DF8A-E396-420A-BD24-2110EEFC3F5E} = {0F4C3CCD-DCDD-429F-BED8-0DCFF3FC2B60}
		{476E626E-DB8F-4699-9F2F-D5CEF1E17563} = {0F4C3CCD-DCDD-429F-BED8-0DCFF3FC2B60}
		{1601A63C-3B74-4A96-BB7B-0432E581F241} = {0F4C3CCD-DCDD-429F-BED8-0DCFF3FC2B60}
		{2782676A-70D1-4875-A2E7-C8F6FEEF37B5} = {0F4C3CCD-DCDD-429F-BED8-0DCFF3FC2B60}
		{B96B94FC-753D-40DB-B922-C6EAD6F2DCE5} = {485DC6A5-1F36-4281-A796-79895EC2CF0A}
		{2AF82CB0-CDFF-4088-B280-D472BDF6A583} = {485DC6A5-1F36-4281-A796-79895EC2CF0A}
		{69967FFE-72FD-4B86-B2DC-9C4F65BF1B83} = {485DC6A5-1F36-4281-A796-79895EC2CF0A}
		{557B9EC8-886F-4E1B-9CB1-D6A8CE44FBAF} = {485DC6A5-1F36-4281-A796-79895EC2CF0A}
		{FC40E14C-5266-4DF4-BC33-CB1D164027B1} = {485DC6A5-1F36-4281-A796-79895EC2CF0A}
		{1727FA0F-514F-497C-8346-7AA8332788FD} = {485DC6A5-1F36-4281-A796-79895EC2CF0A}
		{14DF7BCF-955F-4343-8246-ACE351EC8CC1} = {485DC6A5-1F36-4281-A796-79895EC2CF0A}
	EndGlobalSection
EndGlobal
