
Microsoft Visual Studio Solution File, Format Version 12.00
Project("{FAE04EC0-301F-11D3-BF4B-00C04F79EFBC}") = "AbstractFactory", "Creational\AbstractFactory\AbstractFactory.csproj", "{8421BF50-807F-4D68-AF44-AFB6E5C25C7D}"
EndProject
Project("{2150E333-8FDC-42A3-9474-1A3956D46DE8}") = "Creational", "Creational", "{DC326978-DD09-4E0A-AC33-F2F346630001}"
EndProject
Project("{FAE04EC0-301F-11D3-BF4B-00C04F79EFBC}") = "FactoryMethod", "Creational\FactoryMethod\FactoryMethod.csproj", "{BE1E9D58-1DAC-4277-9CB5-9A93E2DB3ACA}"
EndProject
Project("{FAE04EC0-301F-11D3-BF4B-00C04F79EFBC}") = "Builder", "Creational\Builder\Builder.csproj", "{6A102E20-2DB4-4DBA-A8CE-9CAB7D181C38}"
EndProject
Project("{FAE04EC0-301F-11D3-BF4B-00C04F79EFBC}") = "Prototype", "Creational\Prototype\Prototype.csproj", "{3968DABE-EC4D-402A-8D05-D4FC7250C03E}"
EndProject
Project("{FAE04EC0-301F-11D3-BF4B-00C04F79EFBC}") = "Singleton", "Creational\Singleton\Singleton.csproj", "{EE7D0950-C154-4FC0-BFC1-6E5890FD174E}"
EndProject
Project("{2150E333-8FDC-42A3-9474-1A3956D46DE8}") = "Structural", "Structural", "{0F4C3CCD-DCDD-429F-BED8-0DCFF3FC2B60}"
EndProject
Project("{FAE04EC0-301F-11D3-BF4B-00C04F79EFBC}") = "Adapter", "Structural\Adapter\Adapter.csproj", "{E2B0DCD1-1C3E-4DE8-B809-240EF1BFDF01}"
EndProject
Project("{FAE04EC0-301F-11D3-BF4B-00C04F79EFBC}") = "Bridge", "Structural\Bridge\Bridge.csproj", "{61DA1FB3-5AB4-496B-9B25-CAB35A8B3AD5}"
EndProject
Global
	GlobalSection(SolutionConfigurationPlatforms) = preSolution
		Debug|Any CPU = Debug|Any CPU
		Release|Any CPU = Release|Any CPU
	EndGlobalSection
	GlobalSection(ProjectConfigurationPlatforms) = postSolution
		{8421BF50-807F-4D68-AF44-AFB6E5C25C7D}.Debug|Any CPU.ActiveCfg = Debug|Any CPU
		{8421BF50-807F-4D68-AF44-AFB6E5C25C7D}.Debug|Any CPU.Build.0 = Debug|Any CPU
		{8421BF50-807F-4D68-AF44-AFB6E5C25C7D}.Release|Any CPU.ActiveCfg = Release|Any CPU
		{8421BF50-807F-4D68-AF44-AFB6E5C25C7D}.Release|Any CPU.Build.0 = Release|Any CPU
		{BE1E9D58-1DAC-4277-9CB5-9A93E2DB3ACA}.Debug|Any CPU.ActiveCfg = Debug|Any CPU
		{BE1E9D58-1DAC-4277-9CB5-9A93E2DB3ACA}.Debug|Any CPU.Build.0 = Debug|Any CPU
		{BE1E9D58-1DAC-4277-9CB5-9A93E2DB3ACA}.Release|Any CPU.ActiveCfg = Release|Any CPU
		{BE1E9D58-1DAC-4277-9CB5-9A93E2DB3ACA}.Release|Any CPU.Build.0 = Release|Any CPU
		{6A102E20-2DB4-4DBA-A8CE-9CAB7D181C38}.Debug|Any CPU.ActiveCfg = Debug|Any CPU
		{6A102E20-2DB4-4DBA-A8CE-9CAB7D181C38}.Debug|Any CPU.Build.0 = Debug|Any CPU
		{6A102E20-2DB4-4DBA-A8CE-9CAB7D181C38}.Release|Any CPU.ActiveCfg = Release|Any CPU
		{6A102E20-2DB4-4DBA-A8CE-9CAB7D181C38}.Release|Any CPU.Build.0 = Release|Any CPU
		{3968DABE-EC4D-402A-8D05-D4FC7250C03E}.Debug|Any CPU.ActiveCfg = Debug|Any CPU
		{3968DABE-EC4D-402A-8D05-D4FC7250C03E}.Debug|Any CPU.Build.0 = Debug|Any CPU
		{3968DABE-EC4D-402A-8D05-D4FC7250C03E}.Release|Any CPU.ActiveCfg = Release|Any CPU
		{3968DABE-EC4D-402A-8D05-D4FC7250C03E}.Release|Any CPU.Build.0 = Release|Any CPU
		{EE7D0950-C154-4FC0-BFC1-6E5890FD174E}.Debug|Any CPU.ActiveCfg = Debug|Any CPU
		{EE7D0950-C154-4FC0-BFC1-6E5890FD174E}.Debug|Any CPU.Build.0 = Debug|Any CPU
		{EE7D0950-C154-4FC0-BFC1-6E5890FD174E}.Release|Any CPU.ActiveCfg = Release|Any CPU
		{EE7D0950-C154-4FC0-BFC1-6E5890FD174E}.Release|Any CPU.Build.0 = Release|Any CPU
		{E2B0DCD1-1C3E-4DE8-B809-240EF1BFDF01}.Debug|Any CPU.ActiveCfg = Debug|Any CPU
		{E2B0DCD1-1C3E-4DE8-B809-240EF1BFDF01}.Debug|Any CPU.Build.0 = Debug|Any CPU
		{E2B0DCD1-1C3E-4DE8-B809-240EF1BFDF01}.Release|Any CPU.ActiveCfg = Release|Any CPU
		{E2B0DCD1-1C3E-4DE8-B809-240EF1BFDF01}.Release|Any CPU.Build.0 = Release|Any CPU
		{61DA1FB3-5AB4-496B-9B25-CAB35A8B3AD5}.Debug|Any CPU.ActiveCfg = Debug|Any CPU
		{61DA1FB3-5AB4-496B-9B25-CAB35A8B3AD5}.Debug|Any CPU.Build.0 = Debug|Any CPU
		{61DA1FB3-5AB4-496B-9B25-CAB35A8B3AD5}.Release|Any CPU.ActiveCfg = Release|Any CPU
		{61DA1FB3-5AB4-496B-9B25-CAB35A8B3AD5}.Release|Any CPU.Build.0 = Release|Any CPU
	EndGlobalSection
	GlobalSection(NestedProjects) = preSolution
		{8421BF50-807F-4D68-AF44-AFB6E5C25C7D} = {DC326978-DD09-4E0A-AC33-F2F346630001}
		{BE1E9D58-1DAC-4277-9CB5-9A93E2DB3ACA} = {DC326978-DD09-4E0A-AC33-F2F346630001}
		{6A102E20-2DB4-4DBA-A8CE-9CAB7D181C38} = {DC326978-DD09-4E0A-AC33-F2F346630001}
		{3968DABE-EC4D-402A-8D05-D4FC7250C03E} = {DC326978-DD09-4E0A-AC33-F2F346630001}
		{EE7D0950-C154-4FC0-BFC1-6E5890FD174E} = {DC326978-DD09-4E0A-AC33-F2F346630001}
		{E2B0DCD1-1C3E-4DE8-B809-240EF1BFDF01} = {0F4C3CCD-DCDD-429F-BED8-0DCFF3FC2B60}
		{61DA1FB3-5AB4-496B-9B25-CAB35A8B3AD5} = {0F4C3CCD-DCDD-429F-BED8-0DCFF3FC2B60}
	EndGlobalSection
EndGlobal
