
Microsoft Visual Studio Solution File, Format Version 12.00
Project("{FAE04EC0-301F-11D3-BF4B-00C04F79EFBC}") = "AbstractFactory", "Creational\AbstractFactory\AbstractFactory.csproj", "{8421BF50-807F-4D68-AF44-AFB6E5C25C7D}"
EndProject
Project("{2150E333-8FDC-42A3-9474-1A3956D46DE8}") = "Creational", "Creational", "{DC326978-DD09-4E0A-AC33-F2F346630001}"
EndProject
Project("{FAE04EC0-301F-11D3-BF4B-00C04F79EFBC}") = "FactoryMethod", "Creational\FactoryMethod\FactoryMethod.csproj", "{BE1E9D58-1DAC-4277-9CB5-9A93E2DB3ACA}"
EndProject
Global
	GlobalSection(SolutionConfigurationPlatforms) = preSolution
		Debug|Any CPU = Debug|Any CPU
		Release|Any CPU = Release|Any CPU
	EndGlobalSection
	GlobalSection(ProjectConfigurationPlatforms) = postSolution
		{8421BF50-807F-4D68-AF44-AFB6E5C25C7D}.Debug|Any CPU.ActiveCfg = Debug|Any CPU
		{8421BF50-807F-4D68-AF44-AFB6E5C25C7D}.Debug|Any CPU.Build.0 = Debug|Any CPU
		{8421BF50-807F-4D68-AF44-AFB6E5C25C7D}.Release|Any CPU.ActiveCfg = Release|Any CPU
		{8421BF50-807F-4D68-AF44-AFB6E5C25C7D}.Release|Any CPU.Build.0 = Release|Any CPU
		{BE1E9D58-1DAC-4277-9CB5-9A93E2DB3ACA}.Debug|Any CPU.ActiveCfg = Debug|Any CPU
		{BE1E9D58-1DAC-4277-9CB5-9A93E2DB3ACA}.Debug|Any CPU.Build.0 = Debug|Any CPU
		{BE1E9D58-1DAC-4277-9CB5-9A93E2DB3ACA}.Release|Any CPU.ActiveCfg = Release|Any CPU
		{BE1E9D58-1DAC-4277-9CB5-9A93E2DB3ACA}.Release|Any CPU.Build.0 = Release|Any CPU
	EndGlobalSection
	GlobalSection(NestedProjects) = preSolution
		{8421BF50-807F-4D68-AF44-AFB6E5C25C7D} = {DC326978-DD09-4E0A-AC33-F2F346630001}
		{BE1E9D58-1DAC-4277-9CB5-9A93E2DB3ACA} = {DC326978-DD09-4E0A-AC33-F2F346630001}
	EndGlobalSection
EndGlobal
